// !$*UTF8*$!
{
	archiveVersion = 1;
	classes = {
	};
	objectVersion = 46;
	objects = {

/* Begin PBXBuildFile section */
		A80BD0B919FECA95002B004E /* BBPlaySounds.m in Sources */ = {isa = PBXBuildFile; fileRef = A80BD0B819FECA95002B004E /* BBPlaySounds.m */; };
		A80BD0BE19FEF2E3002B004E /* BBHeart.m in Sources */ = {isa = PBXBuildFile; fileRef = A80BD0BD19FEF2E3002B004E /* BBHeart.m */; };
		A8472AEB19FEAF9800BC40D7 /* BBResizeToScale.m in Sources */ = {isa = PBXBuildFile; fileRef = A8472AEA19FEAF9800BC40D7 /* BBResizeToScale.m */; };
		A8472AEE19FEB7B500BC40D7 /* BBPaddle.m in Sources */ = {isa = PBXBuildFile; fileRef = A8472AED19FEB7B500BC40D7 /* BBPaddle.m */; };
		A8472AF119FEBDB400BC40D7 /* BBTopBar.m in Sources */ = {isa = PBXBuildFile; fileRef = A8472AF019FEBDB400BC40D7 /* BBTopBar.m */; };
		A8472AF419FEBE8D00BC40D7 /* BBConstants.m in Sources */ = {isa = PBXBuildFile; fileRef = A8472AF319FEBE8D00BC40D7 /* BBConstants.m */; };
		A8603FA819FDDCAB0087F31D /* BrickYellow@2x.png in Resources */ = {isa = PBXBuildFile; fileRef = A8603FA719FDDCAB0087F31D /* BrickYellow@2x.png */; };
		A8603FAA19FDDCC50087F31D /* BrickBlue@2x.png in Resources */ = {isa = PBXBuildFile; fileRef = A8603FA919FDDCC50087F31D /* BrickBlue@2x.png */; };
		A8603FAE19FDE5E70087F31D /* BBBrick.m in Sources */ = {isa = PBXBuildFile; fileRef = A8603FAD19FDE5E70087F31D /* BBBrick.m */; };
		A8603FB019FDF53E0087F31D /* BrickGrey@2x.png in Resources */ = {isa = PBXBuildFile; fileRef = A8603FAF19FDF53E0087F31D /* BrickGrey@2x.png */; };
		A8603FB319FE037D0087F31D /* HeartEmpty@2x.png in Resources */ = {isa = PBXBuildFile; fileRef = A8603FB119FE037D0087F31D /* HeartEmpty@2x.png */; };
		A8603FB419FE037D0087F31D /* HeartFull@2x.png in Resources */ = {isa = PBXBuildFile; fileRef = A8603FB219FE037D0087F31D /* HeartFull@2x.png */; };
		A8771A6919FE215A004EA581 /* BrickBreak.sks in Resources */ = {isa = PBXBuildFile; fileRef = A8771A6719FE215A004EA581 /* BrickBreak.sks */; };
		A8800BBE19FE259900250195 /* BBMenu.m in Sources */ = {isa = PBXBuildFile; fileRef = A8800BBD19FE259900250195 /* BBMenu.m */; };
		A8800BC119FE25EE00250195 /* Button@2x.png in Resources */ = {isa = PBXBuildFile; fileRef = A8800BBF19FE25EE00250195 /* Button@2x.png */; };
		A8800BC219FE25EE00250195 /* MenuPanel@2x.png in Resources */ = {isa = PBXBuildFile; fileRef = A8800BC019FE25EE00250195 /* MenuPanel@2x.png */; };
		A8800BCB19FE817A00250195 /* BallBounce.caf in Resources */ = {isa = PBXBuildFile; fileRef = A8800BC619FE817A00250195 /* BallBounce.caf */; };
		A8800BCC19FE817A00250195 /* BrickSmash.caf in Resources */ = {isa = PBXBuildFile; fileRef = A8800BC719FE817A00250195 /* BrickSmash.caf */; };
		A8800BCD19FE817A00250195 /* LevelUp.caf in Resources */ = {isa = PBXBuildFile; fileRef = A8800BC819FE817A00250195 /* LevelUp.caf */; };
		A8800BCE19FE817A00250195 /* LoseLife.caf in Resources */ = {isa = PBXBuildFile; fileRef = A8800BC919FE817A00250195 /* LoseLife.caf */; };
		A8800BCF19FE817A00250195 /* PaddleBounce.caf in Resources */ = {isa = PBXBuildFile; fileRef = A8800BCA19FE817A00250195 /* PaddleBounce.caf */; };
		A8A9341819FF1F5000E6A863 /* BBBall.m in Sources */ = {isa = PBXBuildFile; fileRef = A8A9341719FF1F5000E6A863 /* BBBall.m */; };
		A8A9341C19FF2E4C00E6A863 /* BBLevelFactory.m in Sources */ = {isa = PBXBuildFile; fileRef = A8A9341B19FF2E4C00E6A863 /* BBLevelFactory.m */; };
		A8A9342019FF2EC300E6A863 /* BBLevel.m in Sources */ = {isa = PBXBuildFile; fileRef = A8A9341F19FF2EC300E6A863 /* BBLevel.m */; };
		A8B8AD3919FD71C900B1E00C /* main.m in Sources */ = {isa = PBXBuildFile; fileRef = A8B8AD3819FD71C900B1E00C /* main.m */; };
		A8B8AD3C19FD71C900B1E00C /* AppDelegate.m in Sources */ = {isa = PBXBuildFile; fileRef = A8B8AD3B19FD71C900B1E00C /* AppDelegate.m */; };
		A8B8AD3F19FD71C900B1E00C /* GameScene.m in Sources */ = {isa = PBXBuildFile; fileRef = A8B8AD3E19FD71C900B1E00C /* GameScene.m */; };
		A8B8AD4119FD71C900B1E00C /* GameScene.sks in Resources */ = {isa = PBXBuildFile; fileRef = A8B8AD4019FD71C900B1E00C /* GameScene.sks */; };
		A8B8AD4419FD71C900B1E00C /* GameViewController.m in Sources */ = {isa = PBXBuildFile; fileRef = A8B8AD4319FD71C900B1E00C /* GameViewController.m */; };
		A8B8AD4719FD71C900B1E00C /* Main.storyboard in Resources */ = {isa = PBXBuildFile; fileRef = A8B8AD4519FD71C900B1E00C /* Main.storyboard */; };
		A8B8AD4919FD71C900B1E00C /* Images.xcassets in Resources */ = {isa = PBXBuildFile; fileRef = A8B8AD4819FD71C900B1E00C /* Images.xcassets */; };
		A8B8AD4C19FD71C900B1E00C /* LaunchScreen.xib in Resources */ = {isa = PBXBuildFile; fileRef = A8B8AD4A19FD71C900B1E00C /* LaunchScreen.xib */; };
		A8B8AD5819FD71C900B1E00C /* Brick_BreakerTests.m in Sources */ = {isa = PBXBuildFile; fileRef = A8B8AD5719FD71C900B1E00C /* Brick_BreakerTests.m */; };
		A8B8AD6619FD725D00B1E00C /* BallBlue@2x.png in Resources */ = {isa = PBXBuildFile; fileRef = A8B8AD6319FD725D00B1E00C /* BallBlue@2x.png */; };
		A8B8AD6719FD725D00B1E00C /* BrickGreen@2x.png in Resources */ = {isa = PBXBuildFile; fileRef = A8B8AD6419FD725D00B1E00C /* BrickGreen@2x.png */; };
		A8B8AD6819FD725D00B1E00C /* Paddle@2x.png in Resources */ = {isa = PBXBuildFile; fileRef = A8B8AD6519FD725D00B1E00C /* Paddle@2x.png */; };
/* End PBXBuildFile section */

/* Begin PBXContainerItemProxy section */
		A8B8AD5219FD71C900B1E00C /* PBXContainerItemProxy */ = {
			isa = PBXContainerItemProxy;
			containerPortal = A8B8AD2B19FD71C900B1E00C /* Project object */;
			proxyType = 1;
			remoteGlobalIDString = A8B8AD3219FD71C900B1E00C;
			remoteInfo = "Brick Breaker";
		};
/* End PBXContainerItemProxy section */

/* Begin PBXFileReference section */
		A80BD0B719FECA95002B004E /* BBPlaySounds.h */ = {isa = PBXFileReference; fileEncoding = 4; lastKnownFileType = sourcecode.c.h; path = BBPlaySounds.h; sourceTree = "<group>"; };
		A80BD0B819FECA95002B004E /* BBPlaySounds.m */ = {isa = PBXFileReference; fileEncoding = 4; lastKnownFileType = sourcecode.c.objc; path = BBPlaySounds.m; sourceTree = "<group>"; };
		A80BD0BC19FEF2E3002B004E /* BBHeart.h */ = {isa = PBXFileReference; fileEncoding = 4; lastKnownFileType = sourcecode.c.h; path = BBHeart.h; sourceTree = "<group>"; };
		A80BD0BD19FEF2E3002B004E /* BBHeart.m */ = {isa = PBXFileReference; fileEncoding = 4; lastKnownFileType = sourcecode.c.objc; path = BBHeart.m; sourceTree = "<group>"; };
		A8472AE919FEAF9800BC40D7 /* BBResizeToScale.h */ = {isa = PBXFileReference; fileEncoding = 4; lastKnownFileType = sourcecode.c.h; path = BBResizeToScale.h; sourceTree = "<group>"; };
		A8472AEA19FEAF9800BC40D7 /* BBResizeToScale.m */ = {isa = PBXFileReference; fileEncoding = 4; lastKnownFileType = sourcecode.c.objc; path = BBResizeToScale.m; sourceTree = "<group>"; };
		A8472AEC19FEB7B500BC40D7 /* BBPaddle.h */ = {isa = PBXFileReference; fileEncoding = 4; lastKnownFileType = sourcecode.c.h; path = BBPaddle.h; sourceTree = "<group>"; };
		A8472AED19FEB7B500BC40D7 /* BBPaddle.m */ = {isa = PBXFileReference; fileEncoding = 4; lastKnownFileType = sourcecode.c.objc; path = BBPaddle.m; sourceTree = "<group>"; };
		A8472AEF19FEBDB400BC40D7 /* BBTopBar.h */ = {isa = PBXFileReference; fileEncoding = 4; lastKnownFileType = sourcecode.c.h; path = BBTopBar.h; sourceTree = "<group>"; };
		A8472AF019FEBDB400BC40D7 /* BBTopBar.m */ = {isa = PBXFileReference; fileEncoding = 4; lastKnownFileType = sourcecode.c.objc; path = BBTopBar.m; sourceTree = "<group>"; };
		A8472AF219FEBE8D00BC40D7 /* BBConstants.h */ = {isa = PBXFileReference; fileEncoding = 4; lastKnownFileType = sourcecode.c.h; path = BBConstants.h; sourceTree = "<group>"; };
		A8472AF319FEBE8D00BC40D7 /* BBConstants.m */ = {isa = PBXFileReference; fileEncoding = 4; lastKnownFileType = sourcecode.c.objc; path = BBConstants.m; sourceTree = "<group>"; };
		A8603FA719FDDCAB0087F31D /* BrickYellow@2x.png */ = {isa = PBXFileReference; lastKnownFileType = image.png; path = "BrickYellow@2x.png"; sourceTree = "<group>"; };
		A8603FA919FDDCC50087F31D /* BrickBlue@2x.png */ = {isa = PBXFileReference; lastKnownFileType = image.png; path = "BrickBlue@2x.png"; sourceTree = "<group>"; };
		A8603FAC19FDE5E70087F31D /* BBBrick.h */ = {isa = PBXFileReference; fileEncoding = 4; lastKnownFileType = sourcecode.c.h; path = BBBrick.h; sourceTree = "<group>"; };
		A8603FAD19FDE5E70087F31D /* BBBrick.m */ = {isa = PBXFileReference; fileEncoding = 4; lastKnownFileType = sourcecode.c.objc; path = BBBrick.m; sourceTree = "<group>"; };
		A8603FAF19FDF53E0087F31D /* BrickGrey@2x.png */ = {isa = PBXFileReference; lastKnownFileType = image.png; path = "BrickGrey@2x.png"; sourceTree = "<group>"; };
		A8603FB119FE037D0087F31D /* HeartEmpty@2x.png */ = {isa = PBXFileReference; lastKnownFileType = image.png; path = "HeartEmpty@2x.png"; sourceTree = "<group>"; };
		A8603FB219FE037D0087F31D /* HeartFull@2x.png */ = {isa = PBXFileReference; lastKnownFileType = image.png; path = "HeartFull@2x.png"; sourceTree = "<group>"; };
		A8771A6719FE215A004EA581 /* BrickBreak.sks */ = {isa = PBXFileReference; lastKnownFileType = file.sks; path = BrickBreak.sks; sourceTree = "<group>"; };
		A8800BBC19FE259900250195 /* BBMenu.h */ = {isa = PBXFileReference; fileEncoding = 4; lastKnownFileType = sourcecode.c.h; path = BBMenu.h; sourceTree = "<group>"; };
		A8800BBD19FE259900250195 /* BBMenu.m */ = {isa = PBXFileReference; fileEncoding = 4; lastKnownFileType = sourcecode.c.objc; path = BBMenu.m; sourceTree = "<group>"; };
		A8800BBF19FE25EE00250195 /* Button@2x.png */ = {isa = PBXFileReference; lastKnownFileType = image.png; path = "Button@2x.png"; sourceTree = "<group>"; };
		A8800BC019FE25EE00250195 /* MenuPanel@2x.png */ = {isa = PBXFileReference; lastKnownFileType = image.png; path = "MenuPanel@2x.png"; sourceTree = "<group>"; };
		A8800BC619FE817A00250195 /* BallBounce.caf */ = {isa = PBXFileReference; lastKnownFileType = file; path = BallBounce.caf; sourceTree = "<group>"; };
		A8800BC719FE817A00250195 /* BrickSmash.caf */ = {isa = PBXFileReference; lastKnownFileType = file; path = BrickSmash.caf; sourceTree = "<group>"; };
		A8800BC819FE817A00250195 /* LevelUp.caf */ = {isa = PBXFileReference; lastKnownFileType = file; path = LevelUp.caf; sourceTree = "<group>"; };
		A8800BC919FE817A00250195 /* LoseLife.caf */ = {isa = PBXFileReference; lastKnownFileType = file; path = LoseLife.caf; sourceTree = "<group>"; };
		A8800BCA19FE817A00250195 /* PaddleBounce.caf */ = {isa = PBXFileReference; lastKnownFileType = file; path = PaddleBounce.caf; sourceTree = "<group>"; };
		A8A9341619FF1F5000E6A863 /* BBBall.h */ = {isa = PBXFileReference; fileEncoding = 4; lastKnownFileType = sourcecode.c.h; path = BBBall.h; sourceTree = "<group>"; };
		A8A9341719FF1F5000E6A863 /* BBBall.m */ = {isa = PBXFileReference; fileEncoding = 4; lastKnownFileType = sourcecode.c.objc; path = BBBall.m; sourceTree = "<group>"; };
		A8A9341A19FF2E4C00E6A863 /* BBLevelFactory.h */ = {isa = PBXFileReference; fileEncoding = 4; lastKnownFileType = sourcecode.c.h; path = BBLevelFactory.h; sourceTree = "<group>"; };
		A8A9341B19FF2E4C00E6A863 /* BBLevelFactory.m */ = {isa = PBXFileReference; fileEncoding = 4; lastKnownFileType = sourcecode.c.objc; path = BBLevelFactory.m; sourceTree = "<group>"; };
		A8A9341E19FF2EC300E6A863 /* BBLevel.h */ = {isa = PBXFileReference; fileEncoding = 4; lastKnownFileType = sourcecode.c.h; path = BBLevel.h; sourceTree = "<group>"; };
		A8A9341F19FF2EC300E6A863 /* BBLevel.m */ = {isa = PBXFileReference; fileEncoding = 4; lastKnownFileType = sourcecode.c.objc; path = BBLevel.m; sourceTree = "<group>"; };
		A8B8AD3319FD71C900B1E00C /* Brick Breaker.app */ = {isa = PBXFileReference; explicitFileType = wrapper.application; includeInIndex = 0; path = "Brick Breaker.app"; sourceTree = BUILT_PRODUCTS_DIR; };
		A8B8AD3719FD71C900B1E00C /* Info.plist */ = {isa = PBXFileReference; lastKnownFileType = text.plist.xml; path = Info.plist; sourceTree = "<group>"; };
		A8B8AD3819FD71C900B1E00C /* main.m */ = {isa = PBXFileReference; lastKnownFileType = sourcecode.c.objc; path = main.m; sourceTree = "<group>"; };
		A8B8AD3A19FD71C900B1E00C /* AppDelegate.h */ = {isa = PBXFileReference; lastKnownFileType = sourcecode.c.h; path = AppDelegate.h; sourceTree = "<group>"; };
		A8B8AD3B19FD71C900B1E00C /* AppDelegate.m */ = {isa = PBXFileReference; lastKnownFileType = sourcecode.c.objc; path = AppDelegate.m; sourceTree = "<group>"; };
		A8B8AD3D19FD71C900B1E00C /* GameScene.h */ = {isa = PBXFileReference; lastKnownFileType = sourcecode.c.h; path = GameScene.h; sourceTree = "<group>"; };
		A8B8AD3E19FD71C900B1E00C /* GameScene.m */ = {isa = PBXFileReference; lastKnownFileType = sourcecode.c.objc; path = GameScene.m; sourceTree = "<group>"; };
		A8B8AD4019FD71C900B1E00C /* GameScene.sks */ = {isa = PBXFileReference; lastKnownFileType = file.sks; path = GameScene.sks; sourceTree = "<group>"; };
		A8B8AD4219FD71C900B1E00C /* GameViewController.h */ = {isa = PBXFileReference; lastKnownFileType = sourcecode.c.h; path = GameViewController.h; sourceTree = "<group>"; };
		A8B8AD4319FD71C900B1E00C /* GameViewController.m */ = {isa = PBXFileReference; lastKnownFileType = sourcecode.c.objc; path = GameViewController.m; sourceTree = "<group>"; };
		A8B8AD4619FD71C900B1E00C /* Base */ = {isa = PBXFileReference; lastKnownFileType = file.storyboard; name = Base; path = Base.lproj/Main.storyboard; sourceTree = "<group>"; };
		A8B8AD4819FD71C900B1E00C /* Images.xcassets */ = {isa = PBXFileReference; lastKnownFileType = folder.assetcatalog; path = Images.xcassets; sourceTree = "<group>"; };
		A8B8AD4B19FD71C900B1E00C /* Base */ = {isa = PBXFileReference; lastKnownFileType = file.xib; name = Base; path = Base.lproj/LaunchScreen.xib; sourceTree = "<group>"; };
		A8B8AD5119FD71C900B1E00C /* Brick BreakerTests.xctest */ = {isa = PBXFileReference; explicitFileType = wrapper.cfbundle; includeInIndex = 0; path = "Brick BreakerTests.xctest"; sourceTree = BUILT_PRODUCTS_DIR; };
		A8B8AD5619FD71C900B1E00C /* Info.plist */ = {isa = PBXFileReference; lastKnownFileType = text.plist.xml; path = Info.plist; sourceTree = "<group>"; };
		A8B8AD5719FD71C900B1E00C /* Brick_BreakerTests.m */ = {isa = PBXFileReference; lastKnownFileType = sourcecode.c.objc; path = Brick_BreakerTests.m; sourceTree = "<group>"; };
		A8B8AD6319FD725D00B1E00C /* BallBlue@2x.png */ = {isa = PBXFileReference; lastKnownFileType = image.png; path = "BallBlue@2x.png"; sourceTree = "<group>"; };
		A8B8AD6419FD725D00B1E00C /* BrickGreen@2x.png */ = {isa = PBXFileReference; lastKnownFileType = image.png; path = "BrickGreen@2x.png"; sourceTree = "<group>"; };
		A8B8AD6519FD725D00B1E00C /* Paddle@2x.png */ = {isa = PBXFileReference; lastKnownFileType = image.png; path = "Paddle@2x.png"; sourceTree = "<group>"; };
/* End PBXFileReference section */

/* Begin PBXFrameworksBuildPhase section */
		A8B8AD3019FD71C900B1E00C /* Frameworks */ = {
			isa = PBXFrameworksBuildPhase;
			buildActionMask = 2147483647;
			files = (
			);
			runOnlyForDeploymentPostprocessing = 0;
		};
		A8B8AD4E19FD71C900B1E00C /* Frameworks */ = {
			isa = PBXFrameworksBuildPhase;
			buildActionMask = 2147483647;
			files = (
			);
			runOnlyForDeploymentPostprocessing = 0;
		};
/* End PBXFrameworksBuildPhase section */

/* Begin PBXGroup section */
		A80BD0BA19FEE005002B004E /* Sprites & Nodes */ = {
			isa = PBXGroup;
			children = (
				A8A9341619FF1F5000E6A863 /* BBBall.h */,
				A8A9341719FF1F5000E6A863 /* BBBall.m */,
				A8603FAC19FDE5E70087F31D /* BBBrick.h */,
				A8603FAD19FDE5E70087F31D /* BBBrick.m */,
				A8472AEC19FEB7B500BC40D7 /* BBPaddle.h */,
				A8472AED19FEB7B500BC40D7 /* BBPaddle.m */,
				A80BD0BC19FEF2E3002B004E /* BBHeart.h */,
				A80BD0BD19FEF2E3002B004E /* BBHeart.m */,
				A8800BBC19FE259900250195 /* BBMenu.h */,
				A8800BBD19FE259900250195 /* BBMenu.m */,
				A8472AEF19FEBDB400BC40D7 /* BBTopBar.h */,
				A8472AF019FEBDB400BC40D7 /* BBTopBar.m */,
			);
			name = "Sprites & Nodes";
			sourceTree = "<group>";
		};
		A80BD0BB19FEE03A002B004E /* Actions & Methods */ = {
			isa = PBXGroup;
			children = (
				A80BD0B719FECA95002B004E /* BBPlaySounds.h */,
				A80BD0B819FECA95002B004E /* BBPlaySounds.m */,
				A8472AE919FEAF9800BC40D7 /* BBResizeToScale.h */,
				A8472AEA19FEAF9800BC40D7 /* BBResizeToScale.m */,
			);
			name = "Actions & Methods";
			sourceTree = "<group>";
		};
		A8603FAB19FDE5B60087F31D /* Classes And Constants */ = {
			isa = PBXGroup;
			children = (
				A8472AF219FEBE8D00BC40D7 /* BBConstants.h */,
				A8472AF319FEBE8D00BC40D7 /* BBConstants.m */,
				A8A9341919FF2E2800E6A863 /* Level Model */,
				A80BD0BA19FEE005002B004E /* Sprites & Nodes */,
				A80BD0BB19FEE03A002B004E /* Actions & Methods */,
			);
			name = "Classes And Constants";
			sourceTree = "<group>";
		};
		A8771A6619FE2130004EA581 /* Particle Files */ = {
			isa = PBXGroup;
			children = (
				A8771A6719FE215A004EA581 /* BrickBreak.sks */,
			);
			name = "Particle Files";
			sourceTree = "<group>";
		};
		A8800BC319FE7F9200250195 /* Main */ = {
			isa = PBXGroup;
			children = (
				A8B8AD3A19FD71C900B1E00C /* AppDelegate.h */,
				A8B8AD3B19FD71C900B1E00C /* AppDelegate.m */,
				A8B8AD4219FD71C900B1E00C /* GameViewController.h */,
				A8B8AD4319FD71C900B1E00C /* GameViewController.m */,
				A8B8AD4519FD71C900B1E00C /* Main.storyboard */,
				A8B8AD4A19FD71C900B1E00C /* LaunchScreen.xib */,
			);
			name = Main;
			sourceTree = "<group>";
		};
		A8800BC419FE7FCC00250195 /* Scenes */ = {
			isa = PBXGroup;
			children = (
				A8B8AD3D19FD71C900B1E00C /* GameScene.h */,
				A8B8AD3E19FD71C900B1E00C /* GameScene.m */,
				A8B8AD4019FD71C900B1E00C /* GameScene.sks */,
			);
			name = Scenes;
			sourceTree = "<group>";
		};
		A8800BC519FE815400250195 /* Sounds */ = {
			isa = PBXGroup;
			children = (
				A8800BC619FE817A00250195 /* BallBounce.caf */,
				A8800BC719FE817A00250195 /* BrickSmash.caf */,
				A8800BC819FE817A00250195 /* LevelUp.caf */,
				A8800BC919FE817A00250195 /* LoseLife.caf */,
				A8800BCA19FE817A00250195 /* PaddleBounce.caf */,
			);
			name = Sounds;
			sourceTree = "<group>";
		};
		A8A9341919FF2E2800E6A863 /* Level Model */ = {
			isa = PBXGroup;
			children = (
				A8A9341A19FF2E4C00E6A863 /* BBLevelFactory.h */,
				A8A9341B19FF2E4C00E6A863 /* BBLevelFactory.m */,
				A8A9341E19FF2EC300E6A863 /* BBLevel.h */,
				A8A9341F19FF2EC300E6A863 /* BBLevel.m */,
			);
			name = "Level Model";
			sourceTree = "<group>";
		};
		A8B8AD2A19FD71C900B1E00C = {
			isa = PBXGroup;
			children = (
				A8B8AD3519FD71C900B1E00C /* Brick Breaker */,
				A8B8AD5419FD71C900B1E00C /* Brick BreakerTests */,
				A8B8AD3419FD71C900B1E00C /* Products */,
			);
			sourceTree = "<group>";
		};
		A8B8AD3419FD71C900B1E00C /* Products */ = {
			isa = PBXGroup;
			children = (
				A8B8AD3319FD71C900B1E00C /* Brick Breaker.app */,
				A8B8AD5119FD71C900B1E00C /* Brick BreakerTests.xctest */,
			);
			name = Products;
			sourceTree = "<group>";
		};
		A8B8AD3519FD71C900B1E00C /* Brick Breaker */ = {
			isa = PBXGroup;
			children = (
				A8800BC319FE7F9200250195 /* Main */,
				A8800BC419FE7FCC00250195 /* Scenes */,
				A8603FAB19FDE5B60087F31D /* Classes And Constants */,
				A8771A6619FE2130004EA581 /* Particle Files */,
				A8B8AD3619FD71C900B1E00C /* Supporting Files */,
			);
			path = "Brick Breaker";
			sourceTree = "<group>";
		};
		A8B8AD3619FD71C900B1E00C /* Supporting Files */ = {
			isa = PBXGroup;
			children = (
				A8B8AD6219FD721400B1E00C /* Images */,
				A8800BC519FE815400250195 /* Sounds */,
				A8B8AD3719FD71C900B1E00C /* Info.plist */,
				A8B8AD3819FD71C900B1E00C /* main.m */,
			);
			name = "Supporting Files";
			sourceTree = "<group>";
		};
		A8B8AD5419FD71C900B1E00C /* Brick BreakerTests */ = {
			isa = PBXGroup;
			children = (
				A8B8AD5719FD71C900B1E00C /* Brick_BreakerTests.m */,
				A8B8AD5519FD71C900B1E00C /* Supporting Files */,
			);
			path = "Brick BreakerTests";
			sourceTree = "<group>";
		};
		A8B8AD5519FD71C900B1E00C /* Supporting Files */ = {
			isa = PBXGroup;
			children = (
				A8B8AD5619FD71C900B1E00C /* Info.plist */,
			);
			name = "Supporting Files";
			sourceTree = "<group>";
		};
		A8B8AD6219FD721400B1E00C /* Images */ = {
			isa = PBXGroup;
			children = (
				A8B8AD4819FD71C900B1E00C /* Images.xcassets */,
				A8B8AD6319FD725D00B1E00C /* BallBlue@2x.png */,
				A8603FA919FDDCC50087F31D /* BrickBlue@2x.png */,
				A8B8AD6419FD725D00B1E00C /* BrickGreen@2x.png */,
				A8603FAF19FDF53E0087F31D /* BrickGrey@2x.png */,
				A8603FA719FDDCAB0087F31D /* BrickYellow@2x.png */,
				A8603FB119FE037D0087F31D /* HeartEmpty@2x.png */,
				A8603FB219FE037D0087F31D /* HeartFull@2x.png */,
				A8B8AD6519FD725D00B1E00C /* Paddle@2x.png */,
				A8800BBF19FE25EE00250195 /* Button@2x.png */,
				A8800BC019FE25EE00250195 /* MenuPanel@2x.png */,
			);
			name = Images;
			sourceTree = "<group>";
		};
/* End PBXGroup section */

/* Begin PBXNativeTarget section */
		A8B8AD3219FD71C900B1E00C /* Brick Breaker */ = {
			isa = PBXNativeTarget;
			buildConfigurationList = A8B8AD5B19FD71C900B1E00C /* Build configuration list for PBXNativeTarget "Brick Breaker" */;
			buildPhases = (
				A8B8AD2F19FD71C900B1E00C /* Sources */,
				A8B8AD3019FD71C900B1E00C /* Frameworks */,
				A8B8AD3119FD71C900B1E00C /* Resources */,
			);
			buildRules = (
			);
			dependencies = (
			);
			name = "Brick Breaker";
			productName = "Brick Breaker";
			productReference = A8B8AD3319FD71C900B1E00C /* Brick Breaker.app */;
			productType = "com.apple.product-type.application";
		};
		A8B8AD5019FD71C900B1E00C /* Brick BreakerTests */ = {
			isa = PBXNativeTarget;
			buildConfigurationList = A8B8AD5E19FD71C900B1E00C /* Build configuration list for PBXNativeTarget "Brick BreakerTests" */;
			buildPhases = (
				A8B8AD4D19FD71C900B1E00C /* Sources */,
				A8B8AD4E19FD71C900B1E00C /* Frameworks */,
				A8B8AD4F19FD71C900B1E00C /* Resources */,
			);
			buildRules = (
			);
			dependencies = (
				A8B8AD5319FD71C900B1E00C /* PBXTargetDependency */,
			);
			name = "Brick BreakerTests";
			productName = "Brick BreakerTests";
			productReference = A8B8AD5119FD71C900B1E00C /* Brick BreakerTests.xctest */;
			productType = "com.apple.product-type.bundle.unit-test";
		};
/* End PBXNativeTarget section */

/* Begin PBXProject section */
		A8B8AD2B19FD71C900B1E00C /* Project object */ = {
			isa = PBXProject;
			attributes = {
				LastUpgradeCheck = 0610;
				ORGANIZATIONNAME = self;
				TargetAttributes = {
					A8B8AD3219FD71C900B1E00C = {
						CreatedOnToolsVersion = 6.1;
					};
					A8B8AD5019FD71C900B1E00C = {
						CreatedOnToolsVersion = 6.1;
						TestTargetID = A8B8AD3219FD71C900B1E00C;
					};
				};
			};
			buildConfigurationList = A8B8AD2E19FD71C900B1E00C /* Build configuration list for PBXProject "Brick Breaker" */;
			compatibilityVersion = "Xcode 3.2";
			developmentRegion = English;
			hasScannedForEncodings = 0;
			knownRegions = (
				en,
				Base,
			);
			mainGroup = A8B8AD2A19FD71C900B1E00C;
			productRefGroup = A8B8AD3419FD71C900B1E00C /* Products */;
			projectDirPath = "";
			projectRoot = "";
			targets = (
				A8B8AD3219FD71C900B1E00C /* Brick Breaker */,
				A8B8AD5019FD71C900B1E00C /* Brick BreakerTests */,
			);
		};
/* End PBXProject section */

/* Begin PBXResourcesBuildPhase section */
		A8B8AD3119FD71C900B1E00C /* Resources */ = {
			isa = PBXResourcesBuildPhase;
			buildActionMask = 2147483647;
			files = (
				A8800BCD19FE817A00250195 /* LevelUp.caf in Resources */,
				A8800BCE19FE817A00250195 /* LoseLife.caf in Resources */,
				A8603FAA19FDDCC50087F31D /* BrickBlue@2x.png in Resources */,
				A8B8AD4C19FD71C900B1E00C /* LaunchScreen.xib in Resources */,
				A8B8AD4919FD71C900B1E00C /* Images.xcassets in Resources */,
				A8603FB019FDF53E0087F31D /* BrickGrey@2x.png in Resources */,
				A8800BCF19FE817A00250195 /* PaddleBounce.caf in Resources */,
				A8B8AD6719FD725D00B1E00C /* BrickGreen@2x.png in Resources */,
				A8800BC219FE25EE00250195 /* MenuPanel@2x.png in Resources */,
				A8B8AD6619FD725D00B1E00C /* BallBlue@2x.png in Resources */,
				A8800BC119FE25EE00250195 /* Button@2x.png in Resources */,
				A8603FB319FE037D0087F31D /* HeartEmpty@2x.png in Resources */,
				A8771A6919FE215A004EA581 /* BrickBreak.sks in Resources */,
				A8B8AD6819FD725D00B1E00C /* Paddle@2x.png in Resources */,
				A8603FB419FE037D0087F31D /* HeartFull@2x.png in Resources */,
				A8B8AD4119FD71C900B1E00C /* GameScene.sks in Resources */,
				A8800BCC19FE817A00250195 /* BrickSmash.caf in Resources */,
				A8800BCB19FE817A00250195 /* BallBounce.caf in Resources */,
				A8603FA819FDDCAB0087F31D /* BrickYellow@2x.png in Resources */,
				A8B8AD4719FD71C900B1E00C /* Main.storyboard in Resources */,
			);
			runOnlyForDeploymentPostprocessing = 0;
		};
		A8B8AD4F19FD71C900B1E00C /* Resources */ = {
			isa = PBXResourcesBuildPhase;
			buildActionMask = 2147483647;
			files = (
			);
			runOnlyForDeploymentPostprocessing = 0;
		};
/* End PBXResourcesBuildPhase section */

/* Begin PBXSourcesBuildPhase section */
		A8B8AD2F19FD71C900B1E00C /* Sources */ = {
			isa = PBXSourcesBuildPhase;
			buildActionMask = 2147483647;
			files = (
				A8800BBE19FE259900250195 /* BBMenu.m in Sources */,
				A8B8AD4419FD71C900B1E00C /* GameViewController.m in Sources */,
				A8B8AD3C19FD71C900B1E00C /* AppDelegate.m in Sources */,
				A8A9341C19FF2E4C00E6A863 /* BBLevelFactory.m in Sources */,
				A8472AEE19FEB7B500BC40D7 /* BBPaddle.m in Sources */,
				A8472AF119FEBDB400BC40D7 /* BBTopBar.m in Sources */,
				A8472AF419FEBE8D00BC40D7 /* BBConstants.m in Sources */,
				A8A9342019FF2EC300E6A863 /* BBLevel.m in Sources */,
				A8472AEB19FEAF9800BC40D7 /* BBResizeToScale.m in Sources */,
				A8B8AD3F19FD71C900B1E00C /* GameScene.m in Sources */,
				A80BD0BE19FEF2E3002B004E /* BBHeart.m in Sources */,
				A8603FAE19FDE5E70087F31D /* BBBrick.m in Sources */,
				A8B8AD3919FD71C900B1E00C /* main.m in Sources */,
				A8A9341819FF1F5000E6A863 /* BBBall.m in Sources */,
				A80BD0B919FECA95002B004E /* BBPlaySounds.m in Sources */,
			);
			runOnlyForDeploymentPostprocessing = 0;
		};
		A8B8AD4D19FD71C900B1E00C /* Sources */ = {
			isa = PBXSourcesBuildPhase;
			buildActionMask = 2147483647;
			files = (
				A8B8AD5819FD71C900B1E00C /* Brick_BreakerTests.m in Sources */,
			);
			runOnlyForDeploymentPostprocessing = 0;
		};
/* End PBXSourcesBuildPhase section */

/* Begin PBXTargetDependency section */
		A8B8AD5319FD71C900B1E00C /* PBXTargetDependency */ = {
			isa = PBXTargetDependency;
			target = A8B8AD3219FD71C900B1E00C /* Brick Breaker */;
			targetProxy = A8B8AD5219FD71C900B1E00C /* PBXContainerItemProxy */;
		};
/* End PBXTargetDependency section */

/* Begin PBXVariantGroup section */
		A8B8AD4519FD71C900B1E00C /* Main.storyboard */ = {
			isa = PBXVariantGroup;
			children = (
				A8B8AD4619FD71C900B1E00C /* Base */,
			);
			name = Main.storyboard;
			sourceTree = "<group>";
		};
		A8B8AD4A19FD71C900B1E00C /* LaunchScreen.xib */ = {
			isa = PBXVariantGroup;
			children = (
				A8B8AD4B19FD71C900B1E00C /* Base */,
			);
			name = LaunchScreen.xib;
			sourceTree = "<group>";
		};
/* End PBXVariantGroup section */

/* Begin XCBuildConfiguration section */
		A8B8AD5919FD71C900B1E00C /* Debug */ = {
			isa = XCBuildConfiguration;
			buildSettings = {
				ALWAYS_SEARCH_USER_PATHS = NO;
				CLANG_CXX_LANGUAGE_STANDARD = "gnu++0x";
				CLANG_CXX_LIBRARY = "libc++";
				CLANG_ENABLE_MODULES = YES;
				CLANG_ENABLE_OBJC_ARC = YES;
				CLANG_WARN_BOOL_CONVERSION = YES;
				CLANG_WARN_CONSTANT_CONVERSION = YES;
				CLANG_WARN_DIRECT_OBJC_ISA_USAGE = YES_ERROR;
				CLANG_WARN_EMPTY_BODY = YES;
				CLANG_WARN_ENUM_CONVERSION = YES;
				CLANG_WARN_INT_CONVERSION = YES;
				CLANG_WARN_OBJC_ROOT_CLASS = YES_ERROR;
				CLANG_WARN_UNREACHABLE_CODE = YES;
				CLANG_WARN__DUPLICATE_METHOD_MATCH = YES;
				"CODE_SIGN_IDENTITY[sdk=iphoneos*]" = "iPhone Developer";
				COPY_PHASE_STRIP = NO;
				ENABLE_STRICT_OBJC_MSGSEND = YES;
				GCC_C_LANGUAGE_STANDARD = gnu99;
				GCC_DYNAMIC_NO_PIC = NO;
				GCC_OPTIMIZATION_LEVEL = 0;
				GCC_PREPROCESSOR_DEFINITIONS = (
					"DEBUG=1",
					"$(inherited)",
				);
				GCC_SYMBOLS_PRIVATE_EXTERN = NO;
				GCC_WARN_64_TO_32_BIT_CONVERSION = YES;
				GCC_WARN_ABOUT_RETURN_TYPE = YES_ERROR;
				GCC_WARN_UNDECLARED_SELECTOR = YES;
				GCC_WARN_UNINITIALIZED_AUTOS = YES_AGGRESSIVE;
				GCC_WARN_UNUSED_FUNCTION = YES;
				GCC_WARN_UNUSED_VARIABLE = YES;
				IPHONEOS_DEPLOYMENT_TARGET = 8.1;
				MTL_ENABLE_DEBUG_INFO = YES;
				ONLY_ACTIVE_ARCH = YES;
				SDKROOT = iphoneos;
			};
			name = Debug;
		};
		A8B8AD5A19FD71C900B1E00C /* Release */ = {
			isa = XCBuildConfiguration;
			buildSettings = {
				ALWAYS_SEARCH_USER_PATHS = NO;
				CLANG_CXX_LANGUAGE_STANDARD = "gnu++0x";
				CLANG_CXX_LIBRARY = "libc++";
				CLANG_ENABLE_MODULES = YES;
				CLANG_ENABLE_OBJC_ARC = YES;
				CLANG_WARN_BOOL_CONVERSION = YES;
				CLANG_WARN_CONSTANT_CONVERSION = YES;
				CLANG_WARN_DIRECT_OBJC_ISA_USAGE = YES_ERROR;
				CLANG_WARN_EMPTY_BODY = YES;
				CLANG_WARN_ENUM_CONVERSION = YES;
				CLANG_WARN_INT_CONVERSION = YES;
				CLANG_WARN_OBJC_ROOT_CLASS = YES_ERROR;
				CLANG_WARN_UNREACHABLE_CODE = YES;
				CLANG_WARN__DUPLICATE_METHOD_MATCH = YES;
				"CODE_SIGN_IDENTITY[sdk=iphoneos*]" = "iPhone Developer";
				COPY_PHASE_STRIP = YES;
				ENABLE_NS_ASSERTIONS = NO;
				ENABLE_STRICT_OBJC_MSGSEND = YES;
				GCC_C_LANGUAGE_STANDARD = gnu99;
				GCC_WARN_64_TO_32_BIT_CONVERSION = YES;
				GCC_WARN_ABOUT_RETURN_TYPE = YES_ERROR;
				GCC_WARN_UNDECLARED_SELECTOR = YES;
				GCC_WARN_UNINITIALIZED_AUTOS = YES_AGGRESSIVE;
				GCC_WARN_UNUSED_FUNCTION = YES;
				GCC_WARN_UNUSED_VARIABLE = YES;
				IPHONEOS_DEPLOYMENT_TARGET = 8.1;
				MTL_ENABLE_DEBUG_INFO = NO;
				SDKROOT = iphoneos;
				VALIDATE_PRODUCT = YES;
			};
			name = Release;
		};
		A8B8AD5C19FD71C900B1E00C /* Debug */ = {
			isa = XCBuildConfiguration;
			buildSettings = {
				ASSETCATALOG_COMPILER_APPICON_NAME = AppIcon;
				INFOPLIST_FILE = "Brick Breaker/Info.plist";
				LD_RUNPATH_SEARCH_PATHS = "$(inherited) @executable_path/Frameworks";
				PRODUCT_NAME = "$(TARGET_NAME)";
			};
			name = Debug;
		};
		A8B8AD5D19FD71C900B1E00C /* Release */ = {
			isa = XCBuildConfiguration;
			buildSettings = {
				ASSETCATALOG_COMPILER_APPICON_NAME = AppIcon;
				INFOPLIST_FILE = "Brick Breaker/Info.plist";
				LD_RUNPATH_SEARCH_PATHS = "$(inherited) @executable_path/Frameworks";
				PRODUCT_NAME = "$(TARGET_NAME)";
			};
			name = Release;
		};
		A8B8AD5F19FD71C900B1E00C /* Debug */ = {
			isa = XCBuildConfiguration;
			buildSettings = {
				BUNDLE_LOADER = "$(TEST_HOST)";
				FRAMEWORK_SEARCH_PATHS = (
					"$(SDKROOT)/Developer/Library/Frameworks",
					"$(inherited)",
				);
				GCC_PREPROCESSOR_DEFINITIONS = (
					"DEBUG=1",
					"$(inherited)",
				);
				INFOPLIST_FILE = "Brick BreakerTests/Info.plist";
				LD_RUNPATH_SEARCH_PATHS = "$(inherited) @executable_path/Frameworks @loader_path/Frameworks";
				PRODUCT_NAME = "$(TARGET_NAME)";
				TEST_HOST = "$(BUILT_PRODUCTS_DIR)/Brick Breaker.app/Brick Breaker";
			};
			name = Debug;
		};
		A8B8AD6019FD71C900B1E00C /* Release */ = {
			isa = XCBuildConfiguration;
			buildSettings = {
				BUNDLE_LOADER = "$(TEST_HOST)";
				FRAMEWORK_SEARCH_PATHS = (
					"$(SDKROOT)/Developer/Library/Frameworks",
					"$(inherited)",
				);
				INFOPLIST_FILE = "Brick BreakerTests/Info.plist";
				LD_RUNPATH_SEARCH_PATHS = "$(inherited) @executable_path/Frameworks @loader_path/Frameworks";
				PRODUCT_NAME = "$(TARGET_NAME)";
				TEST_HOST = "$(BUILT_PRODUCTS_DIR)/Brick Breaker.app/Brick Breaker";
			};
			name = Release;
		};
/* End XCBuildConfiguration section */

/* Begin XCConfigurationList section */
		A8B8AD2E19FD71C900B1E00C /* Build configuration list for PBXProject "Brick Breaker" */ = {
			isa = XCConfigurationList;
			buildConfigurations = (
				A8B8AD5919FD71C900B1E00C /* Debug */,
				A8B8AD5A19FD71C900B1E00C /* Release */,
			);
			defaultConfigurationIsVisible = 0;
			defaultConfigurationName = Release;
		};
		A8B8AD5B19FD71C900B1E00C /* Build configuration list for PBXNativeTarget "Brick Breaker" */ = {
			isa = XCConfigurationList;
			buildConfigurations = (
				A8B8AD5C19FD71C900B1E00C /* Debug */,
				A8B8AD5D19FD71C900B1E00C /* Release */,
			);
			defaultConfigurationIsVisible = 0;
			defaultConfigurationName = Release;
		};
		A8B8AD5E19FD71C900B1E00C /* Build configuration list for PBXNativeTarget "Brick BreakerTests" */ = {
			isa = XCConfigurationList;
			buildConfigurations = (
				A8B8AD5F19FD71C900B1E00C /* Debug */,
				A8B8AD6019FD71C900B1E00C /* Release */,
			);
			defaultConfigurationIsVisible = 0;
			defaultConfigurationName = Release;
		};
/* End XCConfigurationList section */
	};
	rootObject = A8B8AD2B19FD71C900B1E00C /* Project object */;
}
